
Microsoft Visual Studio Solution File, Format Version 12.00
# Visual Studio 15
VisualStudioVersion = 15.0.28307.757
MinimumVisualStudioVersion = 10.0.40219.1
Project("{2150E333-8FDC-42A3-9474-1A3956D46DE8}") = "0_UI", "0_UI", "{C628A9B6-1023-440A-9F98-43AFEA6DD741}"
EndProject
Project("{2150E333-8FDC-42A3-9474-1A3956D46DE8}") = "1_Api", "1_Api", "{FC500B0C-6CA3-43F2-B4F0-81930B6B9C05}"
EndProject
Project("{9A19103F-16F7-4668-BE54-9A1E7A4F7556}") = "Wijsheid.Api", "Wijsheid.Api\Wijsheid.Api.csproj", "{795FE6B0-1F04-4E9D-91D5-BA0D9ADCB682}"
EndProject
Project("{2150E333-8FDC-42A3-9474-1A3956D46DE8}") = "9_Tests", "9_Tests", "{D0A68986-C35F-4EE8-B1F7-98744CB57089}"
EndProject
Project("{9A19103F-16F7-4668-BE54-9A1E7A4F7556}") = "Wijsheid.UnitTests", "Wijsheid.UnitTests\Wijsheid.UnitTests.csproj", "{328D23DE-6BA4-4403-8816-B4192573FA6A}"
EndProject
Project("{2150E333-8FDC-42A3-9474-1A3956D46DE8}") = "2_Domain", "2_Domain", "{9D705823-BFC2-4CE6-9837-17250CECF11F}"
EndProject
Project("{9A19103F-16F7-4668-BE54-9A1E7A4F7556}") = "Wijsheid.Domain", "Wijsheid.Domain\Wijsheid.Domain.csproj", "{4D55060E-6B20-4E98-A7F7-FB3EE0C0A3A2}"
EndProject
Project("{2150E333-8FDC-42A3-9474-1A3956D46DE8}") = "3_Application", "3_Application", "{8F4D7FD6-6B09-4475-9685-0705175EF8EE}"
EndProject
Project("{FAE04EC0-301F-11D3-BF4B-00C04F79EFBC}") = "Wijsheid.Application", "Wijsheid.Application\Wijsheid.Application.csproj", "{F7800216-C02E-4D1E-A19E-41A4A6969742}"
EndProject
Project("{FAE04EC0-301F-11D3-BF4B-00C04F79EFBC}") = "WijSheid.Application.Models", "WijSheid.Application.Models\WijSheid.Application.Models.csproj", "{8104D50A-4AA1-49A9-B48F-1010CFEAB10C}"
EndProject
Global
	GlobalSection(SolutionConfigurationPlatforms) = preSolution
		Debug|Any CPU = Debug|Any CPU
		Release|Any CPU = Release|Any CPU
	EndGlobalSection
	GlobalSection(ProjectConfigurationPlatforms) = postSolution
		{795FE6B0-1F04-4E9D-91D5-BA0D9ADCB682}.Debug|Any CPU.ActiveCfg = Debug|Any CPU
		{795FE6B0-1F04-4E9D-91D5-BA0D9ADCB682}.Debug|Any CPU.Build.0 = Debug|Any CPU
		{795FE6B0-1F04-4E9D-91D5-BA0D9ADCB682}.Release|Any CPU.ActiveCfg = Release|Any CPU
		{795FE6B0-1F04-4E9D-91D5-BA0D9ADCB682}.Release|Any CPU.Build.0 = Release|Any CPU
		{328D23DE-6BA4-4403-8816-B4192573FA6A}.Debug|Any CPU.ActiveCfg = Debug|Any CPU
		{328D23DE-6BA4-4403-8816-B4192573FA6A}.Debug|Any CPU.Build.0 = Debug|Any CPU
		{328D23DE-6BA4-4403-8816-B4192573FA6A}.Release|Any CPU.ActiveCfg = Release|Any CPU
		{328D23DE-6BA4-4403-8816-B4192573FA6A}.Release|Any CPU.Build.0 = Release|Any CPU
		{4D55060E-6B20-4E98-A7F7-FB3EE0C0A3A2}.Debug|Any CPU.ActiveCfg = Debug|Any CPU
		{4D55060E-6B20-4E98-A7F7-FB3EE0C0A3A2}.Debug|Any CPU.Build.0 = Debug|Any CPU
		{4D55060E-6B20-4E98-A7F7-FB3EE0C0A3A2}.Release|Any CPU.ActiveCfg = Release|Any CPU
		{4D55060E-6B20-4E98-A7F7-FB3EE0C0A3A2}.Release|Any CPU.Build.0 = Release|Any CPU
		{F7800216-C02E-4D1E-A19E-41A4A6969742}.Debug|Any CPU.ActiveCfg = Debug|Any CPU
		{F7800216-C02E-4D1E-A19E-41A4A6969742}.Debug|Any CPU.Build.0 = Debug|Any CPU
		{F7800216-C02E-4D1E-A19E-41A4A6969742}.Release|Any CPU.ActiveCfg = Release|Any CPU
		{F7800216-C02E-4D1E-A19E-41A4A6969742}.Release|Any CPU.Build.0 = Release|Any CPU
		{8104D50A-4AA1-49A9-B48F-1010CFEAB10C}.Debug|Any CPU.ActiveCfg = Debug|Any CPU
		{8104D50A-4AA1-49A9-B48F-1010CFEAB10C}.Debug|Any CPU.Build.0 = Debug|Any CPU
		{8104D50A-4AA1-49A9-B48F-1010CFEAB10C}.Release|Any CPU.ActiveCfg = Release|Any CPU
		{8104D50A-4AA1-49A9-B48F-1010CFEAB10C}.Release|Any CPU.Build.0 = Release|Any CPU
	EndGlobalSection
	GlobalSection(SolutionProperties) = preSolution
		HideSolutionNode = FALSE
	EndGlobalSection
	GlobalSection(NestedProjects) = preSolution
		{795FE6B0-1F04-4E9D-91D5-BA0D9ADCB682} = {FC500B0C-6CA3-43F2-B4F0-81930B6B9C05}
		{328D23DE-6BA4-4403-8816-B4192573FA6A} = {D0A68986-C35F-4EE8-B1F7-98744CB57089}
		{4D55060E-6B20-4E98-A7F7-FB3EE0C0A3A2} = {9D705823-BFC2-4CE6-9837-17250CECF11F}
		{F7800216-C02E-4D1E-A19E-41A4A6969742} = {8F4D7FD6-6B09-4475-9685-0705175EF8EE}
		{8104D50A-4AA1-49A9-B48F-1010CFEAB10C} = {8F4D7FD6-6B09-4475-9685-0705175EF8EE}
	EndGlobalSection
	GlobalSection(ExtensibilityGlobals) = postSolution
		SolutionGuid = {C0E1FB45-7B05-47E8-BD4B-6D57D56554C7}
	EndGlobalSection
EndGlobal
